
Microsoft Visual Studio Solution File, Format Version 12.00
# Visual Studio Version 16
VisualStudioVersion = 16.0.31613.86
MinimumVisualStudioVersion = 10.0.40219.1
Project("{FAE04EC0-301F-11D3-BF4B-00C04F79EFBC}") = "simple-LoginUsingGrid.Android", "simple-LoginUsingGrid.Android\simple-LoginUsingGrid.Android.csproj", "{837692C3-DA53-4890-8967-62E581280C42}"
EndProject
Project("{FAE04EC0-301F-11D3-BF4B-00C04F79EFBC}") = "simple-LoginUsingGrid.iOS", "simple-LoginUsingGrid.iOS\simple-LoginUsingGrid.iOS.csproj", "{DC8805DD-2BE4-42B1-BB97-227D2E4D30EA}"
EndProject
Project("{FAE04EC0-301F-11D3-BF4B-00C04F79EFBC}") = "simple-LoginUsingGrid", "simple-LoginUsingGrid\simple-LoginUsingGrid.csproj", "{A8A2ADAB-B93A-449E-A89A-5F82C8E2ABB2}"
EndProject
Global
	GlobalSection(SolutionConfigurationPlatforms) = preSolution
		Debug|Any CPU = Debug|Any CPU
		Debug|iPhone = Debug|iPhone
		Debug|iPhoneSimulator = Debug|iPhoneSimulator
		Release|Any CPU = Release|Any CPU
		Release|iPhone = Release|iPhone
		Release|iPhoneSimulator = Release|iPhoneSimulator
	EndGlobalSection
	GlobalSection(ProjectConfigurationPlatforms) = postSolution
		{837692C3-DA53-4890-8967-62E581280C42}.Debug|Any CPU.ActiveCfg = Debug|Any CPU
		{837692C3-DA53-4890-8967-62E581280C42}.Debug|Any CPU.Build.0 = Debug|Any CPU
		{837692C3-DA53-4890-8967-62E581280C42}.Debug|Any CPU.Deploy.0 = Debug|Any CPU
		{837692C3-DA53-4890-8967-62E581280C42}.Debug|iPhone.ActiveCfg = Debug|Any CPU
		{837692C3-DA53-4890-8967-62E581280C42}.Debug|iPhone.Build.0 = Debug|Any CPU
		{837692C3-DA53-4890-8967-62E581280C42}.Debug|iPhone.Deploy.0 = Debug|Any CPU
		{837692C3-DA53-4890-8967-62E581280C42}.Debug|iPhoneSimulator.ActiveCfg = Debug|Any CPU
		{837692C3-DA53-4890-8967-62E581280C42}.Debug|iPhoneSimulator.Build.0 = Debug|Any CPU
		{837692C3-DA53-4890-8967-62E581280C42}.Debug|iPhoneSimulator.Deploy.0 = Debug|Any CPU
		{837692C3-DA53-4890-8967-62E581280C42}.Release|Any CPU.ActiveCfg = Release|Any CPU
		{837692C3-DA53-4890-8967-62E581280C42}.Release|Any CPU.Build.0 = Release|Any CPU
		{837692C3-DA53-4890-8967-62E581280C42}.Release|Any CPU.Deploy.0 = Release|Any CPU
		{837692C3-DA53-4890-8967-62E581280C42}.Release|iPhone.ActiveCfg = Release|Any CPU
		{837692C3-DA53-4890-8967-62E581280C42}.Release|iPhone.Build.0 = Release|Any CPU
		{837692C3-DA53-4890-8967-62E581280C42}.Release|iPhone.Deploy.0 = Release|Any CPU
		{837692C3-DA53-4890-8967-62E581280C42}.Release|iPhoneSimulator.ActiveCfg = Release|Any CPU
		{837692C3-DA53-4890-8967-62E581280C42}.Release|iPhoneSimulator.Build.0 = Release|Any CPU
		{837692C3-DA53-4890-8967-62E581280C42}.Release|iPhoneSimulator.Deploy.0 = Release|Any CPU
		{DC8805DD-2BE4-42B1-BB97-227D2E4D30EA}.Debug|Any CPU.ActiveCfg = Debug|iPhone
		{DC8805DD-2BE4-42B1-BB97-227D2E4D30EA}.Debug|Any CPU.Build.0 = Debug|iPhone
		{DC8805DD-2BE4-42B1-BB97-227D2E4D30EA}.Debug|Any CPU.Deploy.0 = Debug|iPhone
		{DC8805DD-2BE4-42B1-BB97-227D2E4D30EA}.Debug|iPhone.ActiveCfg = Debug|iPhone
		{DC8805DD-2BE4-42B1-BB97-227D2E4D30EA}.Debug|iPhone.Build.0 = Debug|iPhone
		{DC8805DD-2BE4-42B1-BB97-227D2E4D30EA}.Debug|iPhone.Deploy.0 = Debug|iPhone
		{DC8805DD-2BE4-42B1-BB97-227D2E4D30EA}.Debug|iPhoneSimulator.ActiveCfg = Debug|iPhoneSimulator
		{DC8805DD-2BE4-42B1-BB97-227D2E4D30EA}.Debug|iPhoneSimulator.Build.0 = Debug|iPhoneSimulator
		{DC8805DD-2BE4-42B1-BB97-227D2E4D30EA}.Debug|iPhoneSimulator.Deploy.0 = Debug|iPhoneSimulator
		{DC8805DD-2BE4-42B1-BB97-227D2E4D30EA}.Release|Any CPU.ActiveCfg = Release|iPhoneSimulator
		{DC8805DD-2BE4-42B1-BB97-227D2E4D30EA}.Release|Any CPU.Build.0 = Release|iPhoneSimulator
		{DC8805DD-2BE4-42B1-BB97-227D2E4D30EA}.Release|Any CPU.Deploy.0 = Release|iPhoneSimulator
		{DC8805DD-2BE4-42B1-BB97-227D2E4D30EA}.Release|iPhone.ActiveCfg = Release|iPhone
		{DC8805DD-2BE4-42B1-BB97-227D2E4D30EA}.Release|iPhone.Build.0 = Release|iPhone
		{DC8805DD-2BE4-42B1-BB97-227D2E4D30EA}.Release|iPhone.Deploy.0 = Release|iPhone
		{DC8805DD-2BE4-42B1-BB97-227D2E4D30EA}.Release|iPhoneSimulator.ActiveCfg = Release|iPhoneSimulator
		{DC8805DD-2BE4-42B1-BB97-227D2E4D30EA}.Release|iPhoneSimulator.Build.0 = Release|iPhoneSimulator
		{DC8805DD-2BE4-42B1-BB97-227D2E4D30EA}.Release|iPhoneSimulator.Deploy.0 = Release|iPhoneSimulator
		{A8A2ADAB-B93A-449E-A89A-5F82C8E2ABB2}.Debug|Any CPU.ActiveCfg = Debug|Any CPU
		{A8A2ADAB-B93A-449E-A89A-5F82C8E2ABB2}.Debug|Any CPU.Build.0 = Debug|Any CPU
		{A8A2ADAB-B93A-449E-A89A-5F82C8E2ABB2}.Debug|Any CPU.Deploy.0 = Debug|Any CPU
		{A8A2ADAB-B93A-449E-A89A-5F82C8E2ABB2}.Debug|iPhone.ActiveCfg = Debug|Any CPU
		{A8A2ADAB-B93A-449E-A89A-5F82C8E2ABB2}.Debug|iPhone.Build.0 = Debug|Any CPU
		{A8A2ADAB-B93A-449E-A89A-5F82C8E2ABB2}.Debug|iPhone.Deploy.0 = Debug|Any CPU
		{A8A2ADAB-B93A-449E-A89A-5F82C8E2ABB2}.Debug|iPhoneSimulator.ActiveCfg = Debug|Any CPU
		{A8A2ADAB-B93A-449E-A89A-5F82C8E2ABB2}.Debug|iPhoneSimulator.Build.0 = Debug|Any CPU
		{A8A2ADAB-B93A-449E-A89A-5F82C8E2ABB2}.Debug|iPhoneSimulator.Deploy.0 = Debug|Any CPU
		{A8A2ADAB-B93A-449E-A89A-5F82C8E2ABB2}.Release|Any CPU.ActiveCfg = Release|Any CPU
		{A8A2ADAB-B93A-449E-A89A-5F82C8E2ABB2}.Release|Any CPU.Build.0 = Release|Any CPU
		{A8A2ADAB-B93A-449E-A89A-5F82C8E2ABB2}.Release|Any CPU.Deploy.0 = Release|Any CPU
		{A8A2ADAB-B93A-449E-A89A-5F82C8E2ABB2}.Release|iPhone.ActiveCfg = Release|Any CPU
		{A8A2ADAB-B93A-449E-A89A-5F82C8E2ABB2}.Release|iPhone.Build.0 = Release|Any CPU
		{A8A2ADAB-B93A-449E-A89A-5F82C8E2ABB2}.Release|iPhone.Deploy.0 = Release|Any CPU
		{A8A2ADAB-B93A-449E-A89A-5F82C8E2ABB2}.Release|iPhoneSimulator.ActiveCfg = Release|Any CPU
		{A8A2ADAB-B93A-449E-A89A-5F82C8E2ABB2}.Release|iPhoneSimulator.Build.0 = Release|Any CPU
		{A8A2ADAB-B93A-449E-A89A-5F82C8E2ABB2}.Release|iPhoneSimulator.Deploy.0 = Release|Any CPU
	EndGlobalSection
	GlobalSection(SolutionProperties) = preSolution
		HideSolutionNode = FALSE
	EndGlobalSection
	GlobalSection(ExtensibilityGlobals) = postSolution
		SolutionGuid = {D6CFC6E9-6A9B-4DD7-9552-4CAF600488CE}
	EndGlobalSection
EndGlobal
