
Microsoft Visual Studio Solution File, Format Version 12.00
# Visual Studio Version 16
VisualStudioVersion = 16.0.31613.86
MinimumVisualStudioVersion = 10.0.40219.1
Project("{FAE04EC0-301F-11D3-BF4B-00C04F79EFBC}") = "mvvm.Android", "mvvm.Android\mvvm.Android.csproj", "{FF1F4998-1FB4-4EED-8364-A51194583480}"
EndProject
Project("{FAE04EC0-301F-11D3-BF4B-00C04F79EFBC}") = "mvvm.iOS", "mvvm.iOS\mvvm.iOS.csproj", "{7F302344-08DF-4613-B21E-1E01F31276D7}"
EndProject
Project("{FAE04EC0-301F-11D3-BF4B-00C04F79EFBC}") = "mvvm", "mvvm\mvvm.csproj", "{9B10C059-E912-4A81-A021-745F7E5C5884}"
EndProject
Global
	GlobalSection(SolutionConfigurationPlatforms) = preSolution
		Debug|Any CPU = Debug|Any CPU
		Debug|iPhone = Debug|iPhone
		Debug|iPhoneSimulator = Debug|iPhoneSimulator
		Release|Any CPU = Release|Any CPU
		Release|iPhone = Release|iPhone
		Release|iPhoneSimulator = Release|iPhoneSimulator
	EndGlobalSection
	GlobalSection(ProjectConfigurationPlatforms) = postSolution
		{FF1F4998-1FB4-4EED-8364-A51194583480}.Debug|Any CPU.ActiveCfg = Debug|Any CPU
		{FF1F4998-1FB4-4EED-8364-A51194583480}.Debug|Any CPU.Build.0 = Debug|Any CPU
		{FF1F4998-1FB4-4EED-8364-A51194583480}.Debug|Any CPU.Deploy.0 = Debug|Any CPU
		{FF1F4998-1FB4-4EED-8364-A51194583480}.Debug|iPhone.ActiveCfg = Debug|Any CPU
		{FF1F4998-1FB4-4EED-8364-A51194583480}.Debug|iPhone.Build.0 = Debug|Any CPU
		{FF1F4998-1FB4-4EED-8364-A51194583480}.Debug|iPhone.Deploy.0 = Debug|Any CPU
		{FF1F4998-1FB4-4EED-8364-A51194583480}.Debug|iPhoneSimulator.ActiveCfg = Debug|Any CPU
		{FF1F4998-1FB4-4EED-8364-A51194583480}.Debug|iPhoneSimulator.Build.0 = Debug|Any CPU
		{FF1F4998-1FB4-4EED-8364-A51194583480}.Debug|iPhoneSimulator.Deploy.0 = Debug|Any CPU
		{FF1F4998-1FB4-4EED-8364-A51194583480}.Release|Any CPU.ActiveCfg = Release|Any CPU
		{FF1F4998-1FB4-4EED-8364-A51194583480}.Release|Any CPU.Build.0 = Release|Any CPU
		{FF1F4998-1FB4-4EED-8364-A51194583480}.Release|Any CPU.Deploy.0 = Release|Any CPU
		{FF1F4998-1FB4-4EED-8364-A51194583480}.Release|iPhone.ActiveCfg = Release|Any CPU
		{FF1F4998-1FB4-4EED-8364-A51194583480}.Release|iPhone.Build.0 = Release|Any CPU
		{FF1F4998-1FB4-4EED-8364-A51194583480}.Release|iPhone.Deploy.0 = Release|Any CPU
		{FF1F4998-1FB4-4EED-8364-A51194583480}.Release|iPhoneSimulator.ActiveCfg = Release|Any CPU
		{FF1F4998-1FB4-4EED-8364-A51194583480}.Release|iPhoneSimulator.Build.0 = Release|Any CPU
		{FF1F4998-1FB4-4EED-8364-A51194583480}.Release|iPhoneSimulator.Deploy.0 = Release|Any CPU
		{7F302344-08DF-4613-B21E-1E01F31276D7}.Debug|Any CPU.ActiveCfg = Debug|iPhone
		{7F302344-08DF-4613-B21E-1E01F31276D7}.Debug|Any CPU.Build.0 = Debug|iPhone
		{7F302344-08DF-4613-B21E-1E01F31276D7}.Debug|Any CPU.Deploy.0 = Debug|iPhone
		{7F302344-08DF-4613-B21E-1E01F31276D7}.Debug|iPhone.ActiveCfg = Debug|iPhone
		{7F302344-08DF-4613-B21E-1E01F31276D7}.Debug|iPhone.Build.0 = Debug|iPhone
		{7F302344-08DF-4613-B21E-1E01F31276D7}.Debug|iPhone.Deploy.0 = Debug|iPhone
		{7F302344-08DF-4613-B21E-1E01F31276D7}.Debug|iPhoneSimulator.ActiveCfg = Debug|iPhoneSimulator
		{7F302344-08DF-4613-B21E-1E01F31276D7}.Debug|iPhoneSimulator.Build.0 = Debug|iPhoneSimulator
		{7F302344-08DF-4613-B21E-1E01F31276D7}.Debug|iPhoneSimulator.Deploy.0 = Debug|iPhoneSimulator
		{7F302344-08DF-4613-B21E-1E01F31276D7}.Release|Any CPU.ActiveCfg = Release|iPhoneSimulator
		{7F302344-08DF-4613-B21E-1E01F31276D7}.Release|Any CPU.Build.0 = Release|iPhoneSimulator
		{7F302344-08DF-4613-B21E-1E01F31276D7}.Release|Any CPU.Deploy.0 = Release|iPhoneSimulator
		{7F302344-08DF-4613-B21E-1E01F31276D7}.Release|iPhone.ActiveCfg = Release|iPhone
		{7F302344-08DF-4613-B21E-1E01F31276D7}.Release|iPhone.Build.0 = Release|iPhone
		{7F302344-08DF-4613-B21E-1E01F31276D7}.Release|iPhone.Deploy.0 = Release|iPhone
		{7F302344-08DF-4613-B21E-1E01F31276D7}.Release|iPhoneSimulator.ActiveCfg = Release|iPhoneSimulator
		{7F302344-08DF-4613-B21E-1E01F31276D7}.Release|iPhoneSimulator.Build.0 = Release|iPhoneSimulator
		{7F302344-08DF-4613-B21E-1E01F31276D7}.Release|iPhoneSimulator.Deploy.0 = Release|iPhoneSimulator
		{9B10C059-E912-4A81-A021-745F7E5C5884}.Debug|Any CPU.ActiveCfg = Debug|Any CPU
		{9B10C059-E912-4A81-A021-745F7E5C5884}.Debug|Any CPU.Build.0 = Debug|Any CPU
		{9B10C059-E912-4A81-A021-745F7E5C5884}.Debug|Any CPU.Deploy.0 = Debug|Any CPU
		{9B10C059-E912-4A81-A021-745F7E5C5884}.Debug|iPhone.ActiveCfg = Debug|Any CPU
		{9B10C059-E912-4A81-A021-745F7E5C5884}.Debug|iPhone.Build.0 = Debug|Any CPU
		{9B10C059-E912-4A81-A021-745F7E5C5884}.Debug|iPhone.Deploy.0 = Debug|Any CPU
		{9B10C059-E912-4A81-A021-745F7E5C5884}.Debug|iPhoneSimulator.ActiveCfg = Debug|Any CPU
		{9B10C059-E912-4A81-A021-745F7E5C5884}.Debug|iPhoneSimulator.Build.0 = Debug|Any CPU
		{9B10C059-E912-4A81-A021-745F7E5C5884}.Debug|iPhoneSimulator.Deploy.0 = Debug|Any CPU
		{9B10C059-E912-4A81-A021-745F7E5C5884}.Release|Any CPU.ActiveCfg = Release|Any CPU
		{9B10C059-E912-4A81-A021-745F7E5C5884}.Release|Any CPU.Build.0 = Release|Any CPU
		{9B10C059-E912-4A81-A021-745F7E5C5884}.Release|Any CPU.Deploy.0 = Release|Any CPU
		{9B10C059-E912-4A81-A021-745F7E5C5884}.Release|iPhone.ActiveCfg = Release|Any CPU
		{9B10C059-E912-4A81-A021-745F7E5C5884}.Release|iPhone.Build.0 = Release|Any CPU
		{9B10C059-E912-4A81-A021-745F7E5C5884}.Release|iPhone.Deploy.0 = Release|Any CPU
		{9B10C059-E912-4A81-A021-745F7E5C5884}.Release|iPhoneSimulator.ActiveCfg = Release|Any CPU
		{9B10C059-E912-4A81-A021-745F7E5C5884}.Release|iPhoneSimulator.Build.0 = Release|Any CPU
		{9B10C059-E912-4A81-A021-745F7E5C5884}.Release|iPhoneSimulator.Deploy.0 = Release|Any CPU
	EndGlobalSection
	GlobalSection(SolutionProperties) = preSolution
		HideSolutionNode = FALSE
	EndGlobalSection
	GlobalSection(ExtensibilityGlobals) = postSolution
		SolutionGuid = {2743CCC4-FADE-4118-887F-9BCCE435352E}
	EndGlobalSection
EndGlobal
